
Microsoft Visual Studio Solution File, Format Version 12.00
# Visual Studio Version 16
VisualStudioVersion = 16.0.30717.126
MinimumVisualStudioVersion = 10.0.40219.1
Project("{FAE04EC0-301F-11D3-BF4B-00C04F79EFBC}") = "ATDemo", "ATDemo\ATDemo.csproj", "{A2F7F5DC-3B0B-4505-87AA-18E64857C4FF}"
EndProject
Global
	GlobalSection(SolutionConfigurationPlatforms) = preSolution
		Debug|Any CPU = Debug|Any CPU
		Release|Any CPU = Release|Any CPU
	EndGlobalSection
	GlobalSection(ProjectConfigurationPlatforms) = postSolution
		{A2F7F5DC-3B0B-4505-87AA-18E64857C4FF}.Debug|Any CPU.ActiveCfg = Debug|Any CPU
		{A2F7F5DC-3B0B-4505-87AA-18E64857C4FF}.Debug|Any CPU.Build.0 = Debug|Any CPU
		{A2F7F5DC-3B0B-4505-87AA-18E64857C4FF}.Release|Any CPU.ActiveCfg = Release|Any CPU
		{A2F7F5DC-3B0B-4505-87AA-18E64857C4FF}.Release|Any CPU.Build.0 = Release|Any CPU
	EndGlobalSection
	GlobalSection(SolutionProperties) = preSolution
		HideSolutionNode = FALSE
	EndGlobalSection
	GlobalSection(ExtensibilityGlobals) = postSolution
		SolutionGuid = {922E60BA-6F2E-4C2D-A2FC-128431A376BB}
	EndGlobalSection
EndGlobal
